
Microsoft Visual Studio Solution File, Format Version 12.00
# Visual Studio Version 17
VisualStudioVersion = 17.10.34928.147
MinimumVisualStudioVersion = 10.0.40219.1
Project("{FAE04EC0-301F-11D3-BF4B-00C04F79EFBC}") = "Calculadora", "Calculadora\Calculadora.csproj", "{32F86AD8-FC90-4443-B513-F86419175CB9}"
EndProject
Project("{54435603-DBB4-11D2-8724-00A0C9A8B90C}") = "calculadoraSetup", "calculadoraSetup\calculadoraSetup.vdproj", "{140EDD3C-5818-4287-9A98-8556F8DA637E}"
EndProject
Global
	GlobalSection(SolutionConfigurationPlatforms) = preSolution
		Debug|Any CPU = Debug|Any CPU
		Release|Any CPU = Release|Any CPU
	EndGlobalSection
	GlobalSection(ProjectConfigurationPlatforms) = postSolution
		{32F86AD8-FC90-4443-B513-F86419175CB9}.Debug|Any CPU.ActiveCfg = Debug|Any CPU
		{32F86AD8-FC90-4443-B513-F86419175CB9}.Debug|Any CPU.Build.0 = Debug|Any CPU
		{32F86AD8-FC90-4443-B513-F86419175CB9}.Release|Any CPU.ActiveCfg = Release|Any CPU
		{32F86AD8-FC90-4443-B513-F86419175CB9}.Release|Any CPU.Build.0 = Release|Any CPU
		{140EDD3C-5818-4287-9A98-8556F8DA637E}.Debug|Any CPU.ActiveCfg = Debug
		{140EDD3C-5818-4287-9A98-8556F8DA637E}.Release|Any CPU.ActiveCfg = Release
	EndGlobalSection
	GlobalSection(SolutionProperties) = preSolution
		HideSolutionNode = FALSE
	EndGlobalSection
	GlobalSection(ExtensibilityGlobals) = postSolution
		SolutionGuid = {497BFE11-27EF-48DF-87B0-E382911D5802}
	EndGlobalSection
EndGlobal
